// !$*UTF8*$!
{
	archiveVersion = 1;
	classes = {
	};
	objectVersion = 77;
	objects = {

/* Begin PBXBuildFile section */
		0189E4FF4D40BED330BBEDDC /* BookrankApp.swift in Sources */ = {isa = PBXBuildFile; fileRef = 0340F2AEE2D9B6E76E1524C4 /* BookrankApp.swift */; };
		022A12DAADC02FE0F4355106 /* library.json in Resources */ = {isa = PBXBuildFile; fileRef = 907D225777DFE96EE33944BB /* library.json */; };
		0B0EFD6E00DE0C2AB551AD0D /* Book.swift in Sources */ = {isa = PBXBuildFile; fileRef = 15E4E60649355186A61C354D /* Book.swift */; };
		1694FE4D4EF60327BDCF2532 /* DataStore.swift in Sources */ = {isa = PBXBuildFile; fileRef = ED95CED7FDB22CA4CB0392EC /* DataStore.swift */; };
		1F5762C6E830188990D58F6D /* SummaryDetailView.swift in Sources */ = {isa = PBXBuildFile; fileRef = 619E9A61C2621F9DEC651784 /* SummaryDetailView.swift */; };
		27803BB5EE84A1F96E8CB4BA /* LibraryView.swift in Sources */ = {isa = PBXBuildFile; fileRef = B94455A1D83055B6BDCDEA6B /* LibraryView.swift */; };
		28949E71322467B2C963F4B9 /* AccountView.swift in Sources */ = {isa = PBXBuildFile; fileRef = 51D3A21CB527B97CD698210F /* AccountView.swift */; };
		2B37C42C0C975CF4D57A321B /* library.json in Resources */ = {isa = PBXBuildFile; fileRef = 907D225777DFE96EE33944BB /* library.json */; };
		5AB110C02187C725ADF752BB /* LibraryView.swift in Sources */ = {isa = PBXBuildFile; fileRef = B94455A1D83055B6BDCDEA6B /* LibraryView.swift */; };
		6C0D4964B355370E503C779A /* DataStore.swift in Sources */ = {isa = PBXBuildFile; fileRef = ED95CED7FDB22CA4CB0392EC /* DataStore.swift */; };
		706B7481A98A8B4DB603AA74 /* picks.json in Resources */ = {isa = PBXBuildFile; fileRef = 2C6E09CC3B72AF79C7D8189D /* picks.json */; };
		7BA3791AF897B63AEE9C426B /* BookrankApp.swift in Sources */ = {isa = PBXBuildFile; fileRef = 0340F2AEE2D9B6E76E1524C4 /* BookrankApp.swift */; };
		8032F9BF89028C9697BE1077 /* SummaryDetailView.swift in Sources */ = {isa = PBXBuildFile; fileRef = 619E9A61C2621F9DEC651784 /* SummaryDetailView.swift */; };
		83A82FC6CBCC3BF4A051FA10 /* DueDateBadge.swift in Sources */ = {isa = PBXBuildFile; fileRef = FF5F21003C2D6DF7C3349EBD /* DueDateBadge.swift */; };
		8BB0A0036A8BA3B915614B37 /* Supabase in Frameworks */ = {isa = PBXBuildFile; productRef = 2E51FA65956F7781A1864799 /* Supabase */; };
		8DD38A520D8AC27450901D76 /* SessionKeychainStorage.swift in Sources */ = {isa = PBXBuildFile; fileRef = 93F2C66F822EFF6012055DCB /* SessionKeychainStorage.swift */; };
		98277152F4968E0BC6DEEBF3 /* Book.swift in Sources */ = {isa = PBXBuildFile; fileRef = 15E4E60649355186A61C354D /* Book.swift */; };
		9AF29A0FEE50C2FB49B0C864 /* books.json in Resources */ = {isa = PBXBuildFile; fileRef = 8F3D58CE8EE8BFD32B40F6B3 /* books.json */; };
		A2AF2E338D5E92E5E5CEAC59 /* BadgeLabel.swift in Sources */ = {isa = PBXBuildFile; fileRef = 40053936F7085DA2473CFE71 /* BadgeLabel.swift */; };
		A4F4BAEDB0EF83F51CC22E45 /* AuthStore.swift in Sources */ = {isa = PBXBuildFile; fileRef = 91DDC65159E61A9272770711 /* AuthStore.swift */; };
		A695F79E80FEA72770FD20D8 /* SnapshotHelper.swift in Sources */ = {isa = PBXBuildFile; fileRef = AAE08A505074EDAFB225DA9E /* SnapshotHelper.swift */; };
		A6A974A9F0A21B487F8FE5D5 /* Assets.xcassets in Resources */ = {isa = PBXBuildFile; fileRef = CA0B58BE920B99107273B888 /* Assets.xcassets */; };
		A94877D8D41DD83131300033 /* SessionKeychainStorage.swift in Sources */ = {isa = PBXBuildFile; fileRef = 93F2C66F822EFF6012055DCB /* SessionKeychainStorage.swift */; };
		AA42FFC73629828A640CE7A1 /* picks.json in Resources */ = {isa = PBXBuildFile; fileRef = 2C6E09CC3B72AF79C7D8189D /* picks.json */; };
		B7558881537FE7DE4C18E890 /* books.json in Resources */ = {isa = PBXBuildFile; fileRef = 8F3D58CE8EE8BFD32B40F6B3 /* books.json */; };
		B7BB6D8ABA024E8AC48C4D34 /* Speaker.swift in Sources */ = {isa = PBXBuildFile; fileRef = 139694DD4F7D982870A363B8 /* Speaker.swift */; };
		B8C7338BB6E4702339E70210 /* BadgeLabel.swift in Sources */ = {isa = PBXBuildFile; fileRef = 40053936F7085DA2473CFE71 /* BadgeLabel.swift */; };
		C67B3C75126526F6C98B2E67 /* PreviewScreenshot.swift in Sources */ = {isa = PBXBuildFile; fileRef = F294EFCEDCEAA79979D54E18 /* PreviewScreenshot.swift */; };
		C99984E7BF14362BE46E4FF4 /* Assets.xcassets in Resources */ = {isa = PBXBuildFile; fileRef = CA0B58BE920B99107273B888 /* Assets.xcassets */; };
		D1047B85C724E29F1BD085E5 /* Supabase in Frameworks */ = {isa = PBXBuildFile; productRef = 45E59A3DE15F13B61AE1C3FE /* Supabase */; };
		DCB91EBE5CB0C7E81EFAEC62 /* AuthStore.swift in Sources */ = {isa = PBXBuildFile; fileRef = 91DDC65159E61A9272770711 /* AuthStore.swift */; };
		E50764035DF823B8FC9740D9 /* Speaker.swift in Sources */ = {isa = PBXBuildFile; fileRef = 139694DD4F7D982870A363B8 /* Speaker.swift */; };
		EA16B9CF96329CC06E8307D1 /* DueDateBadge.swift in Sources */ = {isa = PBXBuildFile; fileRef = FF5F21003C2D6DF7C3349EBD /* DueDateBadge.swift */; };
		FCFA0FF150F7B456962366FA /* AccountView.swift in Sources */ = {isa = PBXBuildFile; fileRef = 51D3A21CB527B97CD698210F /* AccountView.swift */; };
/* End PBXBuildFile section */

/* Begin PBXContainerItemProxy section */
		CD6015950E5ED802AB566F94 /* PBXContainerItemProxy */ = {
			isa = PBXContainerItemProxy;
			containerPortal = 08DBD8407F299770ED376528 /* Project object */;
			proxyType = 1;
			remoteGlobalIDString = B0AA3B5A43AF11D0E35F7B30;
			remoteInfo = Bookrank;
		};
/* End PBXContainerItemProxy section */

/* Begin PBXFileReference section */
		0340F2AEE2D9B6E76E1524C4 /* BookrankApp.swift */ = {isa = PBXFileReference; lastKnownFileType = sourcecode.swift; path = BookrankApp.swift; sourceTree = "<group>"; };
		139694DD4F7D982870A363B8 /* Speaker.swift */ = {isa = PBXFileReference; lastKnownFileType = sourcecode.swift; path = Speaker.swift; sourceTree = "<group>"; };
		15E4E60649355186A61C354D /* Book.swift */ = {isa = PBXFileReference; lastKnownFileType = sourcecode.swift; path = Book.swift; sourceTree = "<group>"; };
		2C6E09CC3B72AF79C7D8189D /* picks.json */ = {isa = PBXFileReference; lastKnownFileType = text.json; path = picks.json; sourceTree = "<group>"; };
		331316B68FF0C28F8DEB5027 /* BookrankUITests.xctest */ = {isa = PBXFileReference; includeInIndex = 0; lastKnownFileType = wrapper.cfbundle; path = BookrankUITests.xctest; sourceTree = BUILT_PRODUCTS_DIR; };
		40053936F7085DA2473CFE71 /* BadgeLabel.swift */ = {isa = PBXFileReference; lastKnownFileType = sourcecode.swift; path = BadgeLabel.swift; sourceTree = "<group>"; };
		51D3A21CB527B97CD698210F /* AccountView.swift */ = {isa = PBXFileReference; lastKnownFileType = sourcecode.swift; path = AccountView.swift; sourceTree = "<group>"; };
		619E9A61C2621F9DEC651784 /* SummaryDetailView.swift */ = {isa = PBXFileReference; lastKnownFileType = sourcecode.swift; path = SummaryDetailView.swift; sourceTree = "<group>"; };
		8F3D58CE8EE8BFD32B40F6B3 /* books.json */ = {isa = PBXFileReference; lastKnownFileType = text.json; path = books.json; sourceTree = "<group>"; };
		907D225777DFE96EE33944BB /* library.json */ = {isa = PBXFileReference; lastKnownFileType = text.json; path = library.json; sourceTree = "<group>"; };
		91DDC65159E61A9272770711 /* AuthStore.swift */ = {isa = PBXFileReference; lastKnownFileType = sourcecode.swift; path = AuthStore.swift; sourceTree = "<group>"; };
		93F2C66F822EFF6012055DCB /* SessionKeychainStorage.swift */ = {isa = PBXFileReference; lastKnownFileType = sourcecode.swift; path = SessionKeychainStorage.swift; sourceTree = "<group>"; };
		9F17495C3D9F9CDDDB873217 /* BookrankMac.app */ = {isa = PBXFileReference; explicitFileType = wrapper.application; includeInIndex = 0; path = BookrankMac.app; sourceTree = BUILT_PRODUCTS_DIR; };
		A07BFE167C4FA45ADC09E22F /* Info.plist */ = {isa = PBXFileReference; lastKnownFileType = text.plist; path = Info.plist; sourceTree = "<group>"; };
		AAE08A505074EDAFB225DA9E /* SnapshotHelper.swift */ = {isa = PBXFileReference; lastKnownFileType = sourcecode.swift; path = SnapshotHelper.swift; sourceTree = "<group>"; };
		B5B7B0CA14D0E4504F44BAEE /* Bookrank.entitlements */ = {isa = PBXFileReference; lastKnownFileType = text.plist.entitlements; path = Bookrank.entitlements; sourceTree = "<group>"; };
		B94455A1D83055B6BDCDEA6B /* LibraryView.swift */ = {isa = PBXFileReference; lastKnownFileType = sourcecode.swift; path = LibraryView.swift; sourceTree = "<group>"; };
		C27F4A495E69D4E2FB08ADB9 /* Bookrank.app */ = {isa = PBXFileReference; includeInIndex = 0; lastKnownFileType = wrapper.application; path = Bookrank.app; sourceTree = BUILT_PRODUCTS_DIR; };
		CA0B58BE920B99107273B888 /* Assets.xcassets */ = {isa = PBXFileReference; lastKnownFileType = folder.assetcatalog; path = Assets.xcassets; sourceTree = "<group>"; };
		DB1D05D7980A2E841F3C8F8D /* BookrankMac.entitlements */ = {isa = PBXFileReference; lastKnownFileType = text.plist.entitlements; path = BookrankMac.entitlements; sourceTree = "<group>"; };
		ED95CED7FDB22CA4CB0392EC /* DataStore.swift */ = {isa = PBXFileReference; lastKnownFileType = sourcecode.swift; path = DataStore.swift; sourceTree = "<group>"; };
		F294EFCEDCEAA79979D54E18 /* PreviewScreenshot.swift */ = {isa = PBXFileReference; lastKnownFileType = sourcecode.swift; path = PreviewScreenshot.swift; sourceTree = "<group>"; };
		FF5F21003C2D6DF7C3349EBD /* DueDateBadge.swift */ = {isa = PBXFileReference; lastKnownFileType = sourcecode.swift; path = DueDateBadge.swift; sourceTree = "<group>"; };
/* End PBXFileReference section */

/* Begin PBXFrameworksBuildPhase section */
		163D136EB27D43BCA7EC2E35 /* Frameworks */ = {
			isa = PBXFrameworksBuildPhase;
			buildActionMask = 2147483647;
			files = (
				D1047B85C724E29F1BD085E5 /* Supabase in Frameworks */,
			);
			runOnlyForDeploymentPostprocessing = 0;
		};
		6AFBF0C28920AB986BA5BA3E /* Frameworks */ = {
			isa = PBXFrameworksBuildPhase;
			buildActionMask = 2147483647;
			files = (
				8BB0A0036A8BA3B915614B37 /* Supabase in Frameworks */,
			);
			runOnlyForDeploymentPostprocessing = 0;
		};
/* End PBXFrameworksBuildPhase section */

/* Begin PBXGroup section */
		1EC579AC99E071E646724465 /* Products */ = {
			isa = PBXGroup;
			children = (
				C27F4A495E69D4E2FB08ADB9 /* Bookrank.app */,
				9F17495C3D9F9CDDDB873217 /* BookrankMac.app */,
				331316B68FF0C28F8DEB5027 /* BookrankUITests.xctest */,
			);
			name = Products;
			sourceTree = "<group>";
		};
		4BAE8E4D4DA5259CBC6EA6E4 /* Bookrank */ = {
			isa = PBXGroup;
			children = (
				CA0B58BE920B99107273B888 /* Assets.xcassets */,
				B5B7B0CA14D0E4504F44BAEE /* Bookrank.entitlements */,
				0340F2AEE2D9B6E76E1524C4 /* BookrankApp.swift */,
				DB1D05D7980A2E841F3C8F8D /* BookrankMac.entitlements */,
				A07BFE167C4FA45ADC09E22F /* Info.plist */,
				D191525FEBF292F13ACB954A /* Models */,
				5103944CCD3C688AE8369CA1 /* Resources */,
				E69B97CD20D657ECC534D345 /* Views */,
			);
			path = Bookrank;
			sourceTree = "<group>";
		};
		5103944CCD3C688AE8369CA1 /* Resources */ = {
			isa = PBXGroup;
			children = (
				8F3D58CE8EE8BFD32B40F6B3 /* books.json */,
				907D225777DFE96EE33944BB /* library.json */,
				2C6E09CC3B72AF79C7D8189D /* picks.json */,
			);
			path = Resources;
			sourceTree = "<group>";
		};
		95469F26B1AAF7D3B77CC9D6 /* UITests */ = {
			isa = PBXGroup;
			children = (
				F294EFCEDCEAA79979D54E18 /* PreviewScreenshot.swift */,
				AAE08A505074EDAFB225DA9E /* SnapshotHelper.swift */,
			);
			path = UITests;
			sourceTree = "<group>";
		};
		CF3295CF2B0C985BEDDCC403 = {
			isa = PBXGroup;
			children = (
				4BAE8E4D4DA5259CBC6EA6E4 /* Bookrank */,
				95469F26B1AAF7D3B77CC9D6 /* UITests */,
				1EC579AC99E071E646724465 /* Products */,
			);
			sourceTree = "<group>";
		};
		D191525FEBF292F13ACB954A /* Models */ = {
			isa = PBXGroup;
			children = (
				91DDC65159E61A9272770711 /* AuthStore.swift */,
				15E4E60649355186A61C354D /* Book.swift */,
				ED95CED7FDB22CA4CB0392EC /* DataStore.swift */,
				93F2C66F822EFF6012055DCB /* SessionKeychainStorage.swift */,
				139694DD4F7D982870A363B8 /* Speaker.swift */,
			);
			path = Models;
			sourceTree = "<group>";
		};
		E69B97CD20D657ECC534D345 /* Views */ = {
			isa = PBXGroup;
			children = (
				51D3A21CB527B97CD698210F /* AccountView.swift */,
				40053936F7085DA2473CFE71 /* BadgeLabel.swift */,
				FF5F21003C2D6DF7C3349EBD /* DueDateBadge.swift */,
				B94455A1D83055B6BDCDEA6B /* LibraryView.swift */,
				619E9A61C2621F9DEC651784 /* SummaryDetailView.swift */,
			);
			path = Views;
			sourceTree = "<group>";
		};
/* End PBXGroup section */

/* Begin PBXNativeTarget section */
		A20B3CCDD4D633BE0A24BDE7 /* BookrankUITests */ = {
			isa = PBXNativeTarget;
			buildConfigurationList = 70767030323A41941BEB4183 /* Build configuration list for PBXNativeTarget "BookrankUITests" */;
			buildPhases = (
				FD0D57CAED461CD442761A98 /* Sources */,
			);
			buildRules = (
			);
			dependencies = (
				F59C935653CD4D5E42746989 /* PBXTargetDependency */,
			);
			name = BookrankUITests;
			packageProductDependencies = (
			);
			productName = BookrankUITests;
			productReference = 331316B68FF0C28F8DEB5027 /* BookrankUITests.xctest */;
			productType = "com.apple.product-type.bundle.ui-testing";
		};
		B0AA3B5A43AF11D0E35F7B30 /* Bookrank */ = {
			isa = PBXNativeTarget;
			buildConfigurationList = D533B6DB24A1D0E082C5BDC2 /* Build configuration list for PBXNativeTarget "Bookrank" */;
			buildPhases = (
				BBFBCC0EB811F0CF856C39F8 /* Sources */,
				3B0131111F086AE4265FF3C2 /* Resources */,
				163D136EB27D43BCA7EC2E35 /* Frameworks */,
			);
			buildRules = (
			);
			dependencies = (
			);
			name = Bookrank;
			packageProductDependencies = (
				45E59A3DE15F13B61AE1C3FE /* Supabase */,
			);
			productName = Bookrank;
			productReference = C27F4A495E69D4E2FB08ADB9 /* Bookrank.app */;
			productType = "com.apple.product-type.application";
		};
		E8D9FC09FDAD1E548195F2C1 /* BookrankMac */ = {
			isa = PBXNativeTarget;
			buildConfigurationList = 63A2EEC7A6C142B5E7E1A11F /* Build configuration list for PBXNativeTarget "BookrankMac" */;
			buildPhases = (
				65CCCB7464DD985351F0AD97 /* Sources */,
				19BD0EB69819110A0F937C3D /* Resources */,
				6AFBF0C28920AB986BA5BA3E /* Frameworks */,
			);
			buildRules = (
			);
			dependencies = (
			);
			name = BookrankMac;
			packageProductDependencies = (
				2E51FA65956F7781A1864799 /* Supabase */,
			);
			productName = BookrankMac;
			productReference = 9F17495C3D9F9CDDDB873217 /* BookrankMac.app */;
			productType = "com.apple.product-type.application";
		};
/* End PBXNativeTarget section */

/* Begin PBXProject section */
		08DBD8407F299770ED376528 /* Project object */ = {
			isa = PBXProject;
			attributes = {
				BuildIndependentTargetsInParallel = YES;
				LastUpgradeCheck = 1430;
				TargetAttributes = {
					A20B3CCDD4D633BE0A24BDE7 = {
						DevelopmentTeam = QMM486NPYC;
						ProvisioningStyle = Automatic;
						TestTargetID = B0AA3B5A43AF11D0E35F7B30;
					};
					B0AA3B5A43AF11D0E35F7B30 = {
						DevelopmentTeam = QMM486NPYC;
						ProvisioningStyle = Automatic;
					};
					E8D9FC09FDAD1E548195F2C1 = {
						DevelopmentTeam = QMM486NPYC;
						ProvisioningStyle = Automatic;
					};
				};
			};
			buildConfigurationList = 04B8EAF36A524C30A826CCCC /* Build configuration list for PBXProject "Bookrank" */;
			developmentRegion = en;
			hasScannedForEncodings = 0;
			knownRegions = (
				Base,
				en,
			);
			mainGroup = CF3295CF2B0C985BEDDCC403;
			minimizedProjectReferenceProxies = 1;
			packageReferences = (
				2CF138E5957156EE2CB4A3E0 /* XCRemoteSwiftPackageReference "supabase-swift" */,
			);
			preferredProjectObjectVersion = 77;
			productRefGroup = 1EC579AC99E071E646724465 /* Products */;
			projectDirPath = "";
			projectRoot = "";
			targets = (
				B0AA3B5A43AF11D0E35F7B30 /* Bookrank */,
				A20B3CCDD4D633BE0A24BDE7 /* BookrankUITests */,
				E8D9FC09FDAD1E548195F2C1 /* BookrankMac */,
			);
		};
/* End PBXProject section */

/* Begin PBXResourcesBuildPhase section */
		19BD0EB69819110A0F937C3D /* Resources */ = {
			isa = PBXResourcesBuildPhase;
			buildActionMask = 2147483647;
			files = (
				A6A974A9F0A21B487F8FE5D5 /* Assets.xcassets in Resources */,
				B7558881537FE7DE4C18E890 /* books.json in Resources */,
				022A12DAADC02FE0F4355106 /* library.json in Resources */,
				706B7481A98A8B4DB603AA74 /* picks.json in Resources */,
			);
			runOnlyForDeploymentPostprocessing = 0;
		};
		3B0131111F086AE4265FF3C2 /* Resources */ = {
			isa = PBXResourcesBuildPhase;
			buildActionMask = 2147483647;
			files = (
				C99984E7BF14362BE46E4FF4 /* Assets.xcassets in Resources */,
				9AF29A0FEE50C2FB49B0C864 /* books.json in Resources */,
				2B37C42C0C975CF4D57A321B /* library.json in Resources */,
				AA42FFC73629828A640CE7A1 /* picks.json in Resources */,
			);
			runOnlyForDeploymentPostprocessing = 0;
		};
/* End PBXResourcesBuildPhase section */

/* Begin PBXSourcesBuildPhase section */
		65CCCB7464DD985351F0AD97 /* Sources */ = {
			isa = PBXSourcesBuildPhase;
			buildActionMask = 2147483647;
			files = (
				FCFA0FF150F7B456962366FA /* AccountView.swift in Sources */,
				A4F4BAEDB0EF83F51CC22E45 /* AuthStore.swift in Sources */,
				A2AF2E338D5E92E5E5CEAC59 /* BadgeLabel.swift in Sources */,
				98277152F4968E0BC6DEEBF3 /* Book.swift in Sources */,
				7BA3791AF897B63AEE9C426B /* BookrankApp.swift in Sources */,
				1694FE4D4EF60327BDCF2532 /* DataStore.swift in Sources */,
				83A82FC6CBCC3BF4A051FA10 /* DueDateBadge.swift in Sources */,
				5AB110C02187C725ADF752BB /* LibraryView.swift in Sources */,
				A94877D8D41DD83131300033 /* SessionKeychainStorage.swift in Sources */,
				B7BB6D8ABA024E8AC48C4D34 /* Speaker.swift in Sources */,
				8032F9BF89028C9697BE1077 /* SummaryDetailView.swift in Sources */,
			);
			runOnlyForDeploymentPostprocessing = 0;
		};
		BBFBCC0EB811F0CF856C39F8 /* Sources */ = {
			isa = PBXSourcesBuildPhase;
			buildActionMask = 2147483647;
			files = (
				28949E71322467B2C963F4B9 /* AccountView.swift in Sources */,
				DCB91EBE5CB0C7E81EFAEC62 /* AuthStore.swift in Sources */,
				B8C7338BB6E4702339E70210 /* BadgeLabel.swift in Sources */,
				0B0EFD6E00DE0C2AB551AD0D /* Book.swift in Sources */,
				0189E4FF4D40BED330BBEDDC /* BookrankApp.swift in Sources */,
				6C0D4964B355370E503C779A /* DataStore.swift in Sources */,
				EA16B9CF96329CC06E8307D1 /* DueDateBadge.swift in Sources */,
				27803BB5EE84A1F96E8CB4BA /* LibraryView.swift in Sources */,
				8DD38A520D8AC27450901D76 /* SessionKeychainStorage.swift in Sources */,
				E50764035DF823B8FC9740D9 /* Speaker.swift in Sources */,
				1F5762C6E830188990D58F6D /* SummaryDetailView.swift in Sources */,
			);
			runOnlyForDeploymentPostprocessing = 0;
		};
		FD0D57CAED461CD442761A98 /* Sources */ = {
			isa = PBXSourcesBuildPhase;
			buildActionMask = 2147483647;
			files = (
				C67B3C75126526F6C98B2E67 /* PreviewScreenshot.swift in Sources */,
				A695F79E80FEA72770FD20D8 /* SnapshotHelper.swift in Sources */,
			);
			runOnlyForDeploymentPostprocessing = 0;
		};
/* End PBXSourcesBuildPhase section */

/* Begin PBXTargetDependency section */
		F59C935653CD4D5E42746989 /* PBXTargetDependency */ = {
			isa = PBXTargetDependency;
			target = B0AA3B5A43AF11D0E35F7B30 /* Bookrank */;
			targetProxy = CD6015950E5ED802AB566F94 /* PBXContainerItemProxy */;
		};
/* End PBXTargetDependency section */

/* Begin XCBuildConfiguration section */
		067AE18D107C8139253CA483 /* Release */ = {
			isa = XCBuildConfiguration;
			buildSettings = {
				BUNDLE_LOADER = "$(TEST_HOST)";
				CODE_SIGN_STYLE = Automatic;
				DEVELOPMENT_TEAM = QMM486NPYC;
				GENERATE_INFOPLIST_FILE = YES;
				IPHONEOS_DEPLOYMENT_TARGET = 17.0;
				LD_RUNPATH_SEARCH_PATHS = (
					"$(inherited)",
					"@executable_path/Frameworks",
					"@loader_path/Frameworks",
				);
				PRODUCT_BUNDLE_IDENTIFIER = com.heyitsmejosh.spine.uitests;
				SDKROOT = iphoneos;
				TARGETED_DEVICE_FAMILY = "1,2";
				TEST_TARGET_NAME = Bookrank;
			};
			name = Release;
		};
		292868D2C44468FF7C4F392F /* Release */ = {
			isa = XCBuildConfiguration;
			buildSettings = {
				ASSETCATALOG_COMPILER_APPICON_NAME = AppIcon;
				CODE_SIGN_ENTITLEMENTS = Bookrank/Bookrank.entitlements;
				CODE_SIGN_IDENTITY = "iPhone Developer";
				CODE_SIGN_STYLE = Automatic;
				CURRENT_PROJECT_VERSION = 7;
				DEVELOPMENT_TEAM = QMM486NPYC;
				INFOPLIST_FILE = Bookrank/Info.plist;
				INFOPLIST_KEY_LSApplicationCategoryType = "public.app-category.productivity";
				IPHONEOS_DEPLOYMENT_TARGET = 17.0;
				LD_RUNPATH_SEARCH_PATHS = (
					"$(inherited)",
					"@executable_path/Frameworks",
				);
				MARKETING_VERSION = 1.0.1;
				PRODUCT_BUNDLE_IDENTIFIER = com.heyitsmejosh.spine;
				SDKROOT = iphoneos;
				TARGETED_DEVICE_FAMILY = "1,2";
			};
			name = Release;
		};
		8D4C094E03C64D99FF84B853 /* Debug */ = {
			isa = XCBuildConfiguration;
			buildSettings = {
				ASSETCATALOG_COMPILER_APPICON_NAME = AppIcon;
				CODE_SIGN_ENTITLEMENTS = Bookrank/BookrankMac.entitlements;
				CODE_SIGN_STYLE = Automatic;
				COMBINE_HIDPI_IMAGES = YES;
				CURRENT_PROJECT_VERSION = 2;
				DEVELOPMENT_TEAM = QMM486NPYC;
				INFOPLIST_FILE = Bookrank/Info.plist;
				INFOPLIST_KEY_LSApplicationCategoryType = "public.app-category.productivity";
				LD_RUNPATH_SEARCH_PATHS = (
					"$(inherited)",
					"@executable_path/../Frameworks",
				);
				MACOSX_DEPLOYMENT_TARGET = 14.0;
				MARKETING_VERSION = 1.0.1;
				PRODUCT_BUNDLE_IDENTIFIER = com.heyitsmejosh.spine;
				SDKROOT = macosx;
			};
			name = Debug;
		};
		A9C35D79F7E0190FB01D60F6 /* Release */ = {
			isa = XCBuildConfiguration;
			buildSettings = {
				ALWAYS_SEARCH_USER_PATHS = NO;
				CLANG_ANALYZER_NONNULL = YES;
				CLANG_ANALYZER_NUMBER_OBJECT_CONVERSION = YES_AGGRESSIVE;
				CLANG_CXX_LANGUAGE_STANDARD = "gnu++14";
				CLANG_CXX_LIBRARY = "libc++";
				CLANG_ENABLE_MODULES = YES;
				CLANG_ENABLE_OBJC_ARC = YES;
				CLANG_ENABLE_OBJC_WEAK = YES;
				CLANG_WARN_BLOCK_CAPTURE_AUTORELEASING = YES;
				CLANG_WARN_BOOL_CONVERSION = YES;
				CLANG_WARN_COMMA = YES;
				CLANG_WARN_CONSTANT_CONVERSION = YES;
				CLANG_WARN_DEPRECATED_OBJC_IMPLEMENTATIONS = YES;
				CLANG_WARN_DIRECT_OBJC_ISA_USAGE = YES_ERROR;
				CLANG_WARN_DOCUMENTATION_COMMENTS = YES;
				CLANG_WARN_EMPTY_BODY = YES;
				CLANG_WARN_ENUM_CONVERSION = YES;
				CLANG_WARN_INFINITE_RECURSION = YES;
				CLANG_WARN_INT_CONVERSION = YES;
				CLANG_WARN_NON_LITERAL_NULL_CONVERSION = YES;
				CLANG_WARN_OBJC_IMPLICIT_RETAIN_SELF = YES;
				CLANG_WARN_OBJC_LITERAL_CONVERSION = YES;
				CLANG_WARN_OBJC_ROOT_CLASS = YES_ERROR;
				CLANG_WARN_QUOTED_INCLUDE_IN_FRAMEWORK_HEADER = YES;
				CLANG_WARN_RANGE_LOOP_ANALYSIS = YES;
				CLANG_WARN_STRICT_PROTOTYPES = YES;
				CLANG_WARN_SUSPICIOUS_MOVE = YES;
				CLANG_WARN_UNGUARDED_AVAILABILITY = YES_AGGRESSIVE;
				CLANG_WARN_UNREACHABLE_CODE = YES;
				CLANG_WARN__DUPLICATE_METHOD_MATCH = YES;
				COPY_PHASE_STRIP = NO;
				DEBUG_INFORMATION_FORMAT = "dwarf-with-dsym";
				ENABLE_NS_ASSERTIONS = NO;
				ENABLE_STRICT_OBJC_MSGSEND = YES;
				GCC_C_LANGUAGE_STANDARD = gnu11;
				GCC_NO_COMMON_BLOCKS = YES;
				GCC_WARN_64_TO_32_BIT_CONVERSION = YES;
				GCC_WARN_ABOUT_RETURN_TYPE = YES_ERROR;
				GCC_WARN_UNDECLARED_SELECTOR = YES;
				GCC_WARN_UNINITIALIZED_AUTOS = YES_AGGRESSIVE;
				GCC_WARN_UNUSED_FUNCTION = YES;
				GCC_WARN_UNUSED_VARIABLE = YES;
				MTL_ENABLE_DEBUG_INFO = NO;
				MTL_FAST_MATH = YES;
				PRODUCT_NAME = "$(TARGET_NAME)";
				SWIFT_COMPILATION_MODE = wholemodule;
				SWIFT_OPTIMIZATION_LEVEL = "-O";
				SWIFT_VERSION = 5.0;
			};
			name = Release;
		};
		B1E05A6910803E9D5E313DC6 /* Debug */ = {
			isa = XCBuildConfiguration;
			buildSettings = {
				ALWAYS_SEARCH_USER_PATHS = NO;
				CLANG_ANALYZER_NONNULL = YES;
				CLANG_ANALYZER_NUMBER_OBJECT_CONVERSION = YES_AGGRESSIVE;
				CLANG_CXX_LANGUAGE_STANDARD = "gnu++14";
				CLANG_CXX_LIBRARY = "libc++";
				CLANG_ENABLE_MODULES = YES;
				CLANG_ENABLE_OBJC_ARC = YES;
				CLANG_ENABLE_OBJC_WEAK = YES;
				CLANG_WARN_BLOCK_CAPTURE_AUTORELEASING = YES;
				CLANG_WARN_BOOL_CONVERSION = YES;
				CLANG_WARN_COMMA = YES;
				CLANG_WARN_CONSTANT_CONVERSION = YES;
				CLANG_WARN_DEPRECATED_OBJC_IMPLEMENTATIONS = YES;
				CLANG_WARN_DIRECT_OBJC_ISA_USAGE = YES_ERROR;
				CLANG_WARN_DOCUMENTATION_COMMENTS = YES;
				CLANG_WARN_EMPTY_BODY = YES;
				CLANG_WARN_ENUM_CONVERSION = YES;
				CLANG_WARN_INFINITE_RECURSION = YES;
				CLANG_WARN_INT_CONVERSION = YES;
				CLANG_WARN_NON_LITERAL_NULL_CONVERSION = YES;
				CLANG_WARN_OBJC_IMPLICIT_RETAIN_SELF = YES;
				CLANG_WARN_OBJC_LITERAL_CONVERSION = YES;
				CLANG_WARN_OBJC_ROOT_CLASS = YES_ERROR;
				CLANG_WARN_QUOTED_INCLUDE_IN_FRAMEWORK_HEADER = YES;
				CLANG_WARN_RANGE_LOOP_ANALYSIS = YES;
				CLANG_WARN_STRICT_PROTOTYPES = YES;
				CLANG_WARN_SUSPICIOUS_MOVE = YES;
				CLANG_WARN_UNGUARDED_AVAILABILITY = YES_AGGRESSIVE;
				CLANG_WARN_UNREACHABLE_CODE = YES;
				CLANG_WARN__DUPLICATE_METHOD_MATCH = YES;
				COPY_PHASE_STRIP = NO;
				DEBUG_INFORMATION_FORMAT = dwarf;
				ENABLE_STRICT_OBJC_MSGSEND = YES;
				ENABLE_TESTABILITY = YES;
				GCC_C_LANGUAGE_STANDARD = gnu11;
				GCC_DYNAMIC_NO_PIC = NO;
				GCC_NO_COMMON_BLOCKS = YES;
				GCC_OPTIMIZATION_LEVEL = 0;
				GCC_PREPROCESSOR_DEFINITIONS = (
					"$(inherited)",
					"DEBUG=1",
				);
				GCC_WARN_64_TO_32_BIT_CONVERSION = YES;
				GCC_WARN_ABOUT_RETURN_TYPE = YES_ERROR;
				GCC_WARN_UNDECLARED_SELECTOR = YES;
				GCC_WARN_UNINITIALIZED_AUTOS = YES_AGGRESSIVE;
				GCC_WARN_UNUSED_FUNCTION = YES;
				GCC_WARN_UNUSED_VARIABLE = YES;
				MTL_ENABLE_DEBUG_INFO = INCLUDE_SOURCE;
				MTL_FAST_MATH = YES;
				ONLY_ACTIVE_ARCH = YES;
				PRODUCT_NAME = "$(TARGET_NAME)";
				SWIFT_ACTIVE_COMPILATION_CONDITIONS = DEBUG;
				SWIFT_OPTIMIZATION_LEVEL = "-Onone";
				SWIFT_VERSION = 5.0;
			};
			name = Debug;
		};
		DDF9B9E054FEE69D4CE0D98D /* Release */ = {
			isa = XCBuildConfiguration;
			buildSettings = {
				ASSETCATALOG_COMPILER_APPICON_NAME = AppIcon;
				CODE_SIGN_ENTITLEMENTS = Bookrank/BookrankMac.entitlements;
				CODE_SIGN_STYLE = Automatic;
				COMBINE_HIDPI_IMAGES = YES;
				CURRENT_PROJECT_VERSION = 2;
				DEVELOPMENT_TEAM = QMM486NPYC;
				INFOPLIST_FILE = Bookrank/Info.plist;
				INFOPLIST_KEY_LSApplicationCategoryType = "public.app-category.productivity";
				LD_RUNPATH_SEARCH_PATHS = (
					"$(inherited)",
					"@executable_path/../Frameworks",
				);
				MACOSX_DEPLOYMENT_TARGET = 14.0;
				MARKETING_VERSION = 1.0.1;
				PRODUCT_BUNDLE_IDENTIFIER = com.heyitsmejosh.spine;
				SDKROOT = macosx;
			};
			name = Release;
		};
		E2A8256FC5C857D19269B416 /* Debug */ = {
			isa = XCBuildConfiguration;
			buildSettings = {
				ASSETCATALOG_COMPILER_APPICON_NAME = AppIcon;
				CODE_SIGN_ENTITLEMENTS = Bookrank/Bookrank.entitlements;
				CODE_SIGN_IDENTITY = "iPhone Developer";
				CODE_SIGN_STYLE = Automatic;
				CURRENT_PROJECT_VERSION = 7;
				DEVELOPMENT_TEAM = QMM486NPYC;
				INFOPLIST_FILE = Bookrank/Info.plist;
				INFOPLIST_KEY_LSApplicationCategoryType = "public.app-category.productivity";
				IPHONEOS_DEPLOYMENT_TARGET = 17.0;
				LD_RUNPATH_SEARCH_PATHS = (
					"$(inherited)",
					"@executable_path/Frameworks",
				);
				MARKETING_VERSION = 1.0.1;
				PRODUCT_BUNDLE_IDENTIFIER = com.heyitsmejosh.spine;
				SDKROOT = iphoneos;
				TARGETED_DEVICE_FAMILY = "1,2";
			};
			name = Debug;
		};
		FBC94E60EF385220376ED997 /* Debug */ = {
			isa = XCBuildConfiguration;
			buildSettings = {
				BUNDLE_LOADER = "$(TEST_HOST)";
				CODE_SIGN_STYLE = Automatic;
				DEVELOPMENT_TEAM = QMM486NPYC;
				GENERATE_INFOPLIST_FILE = YES;
				IPHONEOS_DEPLOYMENT_TARGET = 17.0;
				LD_RUNPATH_SEARCH_PATHS = (
					"$(inherited)",
					"@executable_path/Frameworks",
					"@loader_path/Frameworks",
				);
				PRODUCT_BUNDLE_IDENTIFIER = com.heyitsmejosh.spine.uitests;
				SDKROOT = iphoneos;
				TARGETED_DEVICE_FAMILY = "1,2";
				TEST_TARGET_NAME = Bookrank;
			};
			name = Debug;
		};
/* End XCBuildConfiguration section */

/* Begin XCConfigurationList section */
		04B8EAF36A524C30A826CCCC /* Build configuration list for PBXProject "Bookrank" */ = {
			isa = XCConfigurationList;
			buildConfigurations = (
				B1E05A6910803E9D5E313DC6 /* Debug */,
				A9C35D79F7E0190FB01D60F6 /* Release */,
			);
			defaultConfigurationIsVisible = 0;
			defaultConfigurationName = Debug;
		};
		63A2EEC7A6C142B5E7E1A11F /* Build configuration list for PBXNativeTarget "BookrankMac" */ = {
			isa = XCConfigurationList;
			buildConfigurations = (
				8D4C094E03C64D99FF84B853 /* Debug */,
				DDF9B9E054FEE69D4CE0D98D /* Release */,
			);
			defaultConfigurationIsVisible = 0;
			defaultConfigurationName = Debug;
		};
		70767030323A41941BEB4183 /* Build configuration list for PBXNativeTarget "BookrankUITests" */ = {
			isa = XCConfigurationList;
			buildConfigurations = (
				FBC94E60EF385220376ED997 /* Debug */,
				067AE18D107C8139253CA483 /* Release */,
			);
			defaultConfigurationIsVisible = 0;
			defaultConfigurationName = Debug;
		};
		D533B6DB24A1D0E082C5BDC2 /* Build configuration list for PBXNativeTarget "Bookrank" */ = {
			isa = XCConfigurationList;
			buildConfigurations = (
				E2A8256FC5C857D19269B416 /* Debug */,
				292868D2C44468FF7C4F392F /* Release */,
			);
			defaultConfigurationIsVisible = 0;
			defaultConfigurationName = Debug;
		};
/* End XCConfigurationList section */

/* Begin XCRemoteSwiftPackageReference section */
		2CF138E5957156EE2CB4A3E0 /* XCRemoteSwiftPackageReference "supabase-swift" */ = {
			isa = XCRemoteSwiftPackageReference;
			repositoryURL = "https://github.com/supabase/supabase-swift.git";
			requirement = {
				kind = upToNextMajorVersion;
				minimumVersion = 2.5.1;
			};
		};
/* End XCRemoteSwiftPackageReference section */

/* Begin XCSwiftPackageProductDependency section */
		2E51FA65956F7781A1864799 /* Supabase */ = {
			isa = XCSwiftPackageProductDependency;
			package = 2CF138E5957156EE2CB4A3E0 /* XCRemoteSwiftPackageReference "supabase-swift" */;
			productName = Supabase;
		};
		45E59A3DE15F13B61AE1C3FE /* Supabase */ = {
			isa = XCSwiftPackageProductDependency;
			package = 2CF138E5957156EE2CB4A3E0 /* XCRemoteSwiftPackageReference "supabase-swift" */;
			productName = Supabase;
		};
/* End XCSwiftPackageProductDependency section */
	};
	rootObject = 08DBD8407F299770ED376528 /* Project object */;
}
